
Microsoft Visual Studio Solution File, Format Version 12.00
# Visual Studio Version 17
VisualStudioVersion = 17.13.35825.156 d17.13
MinimumVisualStudioVersion = 10.0.40219.1
Project("{FAE04EC0-301F-11D3-BF4B-00C04F79EFBC}") = "eshift_good_tranport_system", "eshift_good_tranport_system.csproj", "{7E56B89A-7DBE-4503-9302-3E37AB126515}"
EndProject
Global
	GlobalSection(SolutionConfigurationPlatforms) = preSolution
		Debug|Any CPU = Debug|Any CPU
		Release|Any CPU = Release|Any CPU
	EndGlobalSection
	GlobalSection(ProjectConfigurationPlatforms) = postSolution
		{7E56B89A-7DBE-4503-9302-3E37AB126515}.Debug|Any CPU.ActiveCfg = Debug|Any CPU
		{7E56B89A-7DBE-4503-9302-3E37AB126515}.Debug|Any CPU.Build.0 = Debug|Any CPU
		{7E56B89A-7DBE-4503-9302-3E37AB126515}.Release|Any CPU.ActiveCfg = Release|Any CPU
		{7E56B89A-7DBE-4503-9302-3E37AB126515}.Release|Any CPU.Build.0 = Release|Any CPU
	EndGlobalSection
	GlobalSection(SolutionProperties) = preSolution
		HideSolutionNode = FALSE
	EndGlobalSection
	GlobalSection(ExtensibilityGlobals) = postSolution
		SolutionGuid = {234A14A0-B89A-4E21-B0A1-98AB51F4333A}
	EndGlobalSection
EndGlobal
